// !$*UTF8*$!
{
	archiveVersion = 1;
	classes = {
	};
	objectVersion = 46;
	objects = {

/* Begin PBXBuildFile section */
		A2B3A5EE1C337C04003C44B7 /* main.m in Sources */ = {isa = PBXBuildFile; fileRef = A2B3A5ED1C337C04003C44B7 /* main.m */; };
		A2B3A5F11C337C04003C44B7 /* AppDelegate.m in Sources */ = {isa = PBXBuildFile; fileRef = A2B3A5F01C337C04003C44B7 /* AppDelegate.m */; };
		A2B3A5F41C337C04003C44B7 /* ViewController.m in Sources */ = {isa = PBXBuildFile; fileRef = A2B3A5F31C337C04003C44B7 /* ViewController.m */; };
		A2B3A5F71C337C04003C44B7 /* Main.storyboard in Resources */ = {isa = PBXBuildFile; fileRef = A2B3A5F51C337C04003C44B7 /* Main.storyboard */; };
		A2B3A5F91C337C04003C44B7 /* Assets.xcassets in Resources */ = {isa = PBXBuildFile; fileRef = A2B3A5F81C337C04003C44B7 /* Assets.xcassets */; };
		A2B3A5FC1C337C04003C44B7 /* LaunchScreen.storyboard in Resources */ = {isa = PBXBuildFile; fileRef = A2B3A5FA1C337C04003C44B7 /* LaunchScreen.storyboard */; };
		A2B3A6051C337C32003C44B7 /* YXPChartLineView.m in Sources */ = {isa = PBXBuildFile; fileRef = A2B3A6041C337C32003C44B7 /* YXPChartLineView.m */; };
		A2B3A6081C33E40A003C44B7 /* YXPPlot.m in Sources */ = {isa = PBXBuildFile; fileRef = A2B3A6071C33E40A003C44B7 /* YXPPlot.m */; };
		A2B3A60B1C33EF35003C44B7 /* YXPChartPoint.m in Sources */ = {isa = PBXBuildFile; fileRef = A2B3A60A1C33EF35003C44B7 /* YXPChartPoint.m */; };
		A2B3A60E1C3A620B003C44B7 /* YXPChartBarView.m in Sources */ = {isa = PBXBuildFile; fileRef = A2B3A60D1C3A620B003C44B7 /* YXPChartBarView.m */; };
		A2B3A6111C3A73A9003C44B7 /* YXPBarView.m in Sources */ = {isa = PBXBuildFile; fileRef = A2B3A6101C3A73A8003C44B7 /* YXPBarView.m */; };
/* End PBXBuildFile section */

/* Begin PBXFileReference section */
		A2B3A5E91C337C04003C44B7 /* MyChartViewDemo.app */ = {isa = PBXFileReference; explicitFileType = wrapper.application; includeInIndex = 0; path = MyChartViewDemo.app; sourceTree = BUILT_PRODUCTS_DIR; };
		A2B3A5ED1C337C04003C44B7 /* main.m */ = {isa = PBXFileReference; lastKnownFileType = sourcecode.c.objc; path = main.m; sourceTree = "<group>"; };
		A2B3A5EF1C337C04003C44B7 /* AppDelegate.h */ = {isa = PBXFileReference; lastKnownFileType = sourcecode.c.h; path = AppDelegate.h; sourceTree = "<group>"; };
		A2B3A5F01C337C04003C44B7 /* AppDelegate.m */ = {isa = PBXFileReference; lastKnownFileType = sourcecode.c.objc; path = AppDelegate.m; sourceTree = "<group>"; };
		A2B3A5F21C337C04003C44B7 /* ViewController.h */ = {isa = PBXFileReference; lastKnownFileType = sourcecode.c.h; path = ViewController.h; sourceTree = "<group>"; };
		A2B3A5F31C337C04003C44B7 /* ViewController.m */ = {isa = PBXFileReference; lastKnownFileType = sourcecode.c.objc; path = ViewController.m; sourceTree = "<group>"; };
		A2B3A5F61C337C04003C44B7 /* Base */ = {isa = PBXFileReference; lastKnownFileType = file.storyboard; name = Base; path = Base.lproj/Main.storyboard; sourceTree = "<group>"; };
		A2B3A5F81C337C04003C44B7 /* Assets.xcassets */ = {isa = PBXFileReference; lastKnownFileType = folder.assetcatalog; path = Assets.xcassets; sourceTree = "<group>"; };
		A2B3A5FB1C337C04003C44B7 /* Base */ = {isa = PBXFileReference; lastKnownFileType = file.storyboard; name = Base; path = Base.lproj/LaunchScreen.storyboard; sourceTree = "<group>"; };
		A2B3A5FD1C337C04003C44B7 /* Info.plist */ = {isa = PBXFileReference; lastKnownFileType = text.plist.xml; path = Info.plist; sourceTree = "<group>"; };
		A2B3A6031C337C32003C44B7 /* YXPChartLineView.h */ = {isa = PBXFileReference; fileEncoding = 4; lastKnownFileType = sourcecode.c.h; path = YXPChartLineView.h; sourceTree = "<group>"; };
		A2B3A6041C337C32003C44B7 /* YXPChartLineView.m */ = {isa = PBXFileReference; fileEncoding = 4; lastKnownFileType = sourcecode.c.objc; path = YXPChartLineView.m; sourceTree = "<group>"; };
		A2B3A6061C33E40A003C44B7 /* YXPPlot.h */ = {isa = PBXFileReference; fileEncoding = 4; lastKnownFileType = sourcecode.c.h; path = YXPPlot.h; sourceTree = "<group>"; };
		A2B3A6071C33E40A003C44B7 /* YXPPlot.m */ = {isa = PBXFileReference; fileEncoding = 4; lastKnownFileType = sourcecode.c.objc; path = YXPPlot.m; sourceTree = "<group>"; };
		A2B3A6091C33EF35003C44B7 /* YXPChartPoint.h */ = {isa = PBXFileReference; fileEncoding = 4; lastKnownFileType = sourcecode.c.h; path = YXPChartPoint.h; sourceTree = "<group>"; };
		A2B3A60A1C33EF35003C44B7 /* YXPChartPoint.m */ = {isa = PBXFileReference; fileEncoding = 4; lastKnownFileType = sourcecode.c.objc; path = YXPChartPoint.m; sourceTree = "<group>"; };
		A2B3A60C1C3A620B003C44B7 /* YXPChartBarView.h */ = {isa = PBXFileReference; fileEncoding = 4; lastKnownFileType = sourcecode.c.h; path = YXPChartBarView.h; sourceTree = "<group>"; };
		A2B3A60D1C3A620B003C44B7 /* YXPChartBarView.m */ = {isa = PBXFileReference; fileEncoding = 4; lastKnownFileType = sourcecode.c.objc; path = YXPChartBarView.m; sourceTree = "<group>"; };
		A2B3A60F1C3A73A8003C44B7 /* YXPBarView.h */ = {isa = PBXFileReference; fileEncoding = 4; lastKnownFileType = sourcecode.c.h; path = YXPBarView.h; sourceTree = "<group>"; };
		A2B3A6101C3A73A8003C44B7 /* YXPBarView.m */ = {isa = PBXFileReference; fileEncoding = 4; lastKnownFileType = sourcecode.c.objc; path = YXPBarView.m; sourceTree = "<group>"; };
/* End PBXFileReference section */

/* Begin PBXFrameworksBuildPhase section */
		A2B3A5E61C337C04003C44B7 /* Frameworks */ = {
			isa = PBXFrameworksBuildPhase;
			buildActionMask = 2147483647;
			files = (
			);
			runOnlyForDeploymentPostprocessing = 0;
		};
/* End PBXFrameworksBuildPhase section */

/* Begin PBXGroup section */
		A2B3A5E01C337C04003C44B7 = {
			isa = PBXGroup;
			children = (
				A2B3A5EB1C337C04003C44B7 /* MyChartViewDemo */,
				A2B3A5EA1C337C04003C44B7 /* Products */,
			);
			sourceTree = "<group>";
		};
		A2B3A5EA1C337C04003C44B7 /* Products */ = {
			isa = PBXGroup;
			children = (
				A2B3A5E91C337C04003C44B7 /* MyChartViewDemo.app */,
			);
			name = Products;
			sourceTree = "<group>";
		};
		A2B3A5EB1C337C04003C44B7 /* MyChartViewDemo */ = {
			isa = PBXGroup;
			children = (
				A2B3A5EF1C337C04003C44B7 /* AppDelegate.h */,
				A2B3A5F01C337C04003C44B7 /* AppDelegate.m */,
				A2B3A5F21C337C04003C44B7 /* ViewController.h */,
				A2B3A5F31C337C04003C44B7 /* ViewController.m */,
				A2B3A6031C337C32003C44B7 /* YXPChartLineView.h */,
				A2B3A6041C337C32003C44B7 /* YXPChartLineView.m */,
				A2B3A60C1C3A620B003C44B7 /* YXPChartBarView.h */,
				A2B3A60D1C3A620B003C44B7 /* YXPChartBarView.m */,
				A2B3A60F1C3A73A8003C44B7 /* YXPBarView.h */,
				A2B3A6101C3A73A8003C44B7 /* YXPBarView.m */,
				A2B3A6061C33E40A003C44B7 /* YXPPlot.h */,
				A2B3A6071C33E40A003C44B7 /* YXPPlot.m */,
				A2B3A6091C33EF35003C44B7 /* YXPChartPoint.h */,
				A2B3A60A1C33EF35003C44B7 /* YXPChartPoint.m */,
				A2B3A5F51C337C04003C44B7 /* Main.storyboard */,
				A2B3A5F81C337C04003C44B7 /* Assets.xcassets */,
				A2B3A5FA1C337C04003C44B7 /* LaunchScreen.storyboard */,
				A2B3A5FD1C337C04003C44B7 /* Info.plist */,
				A2B3A5EC1C337C04003C44B7 /* Supporting Files */,
			);
			path = MyChartViewDemo;
			sourceTree = "<group>";
		};
		A2B3A5EC1C337C04003C44B7 /* Supporting Files */ = {
			isa = PBXGroup;
			children = (
				A2B3A5ED1C337C04003C44B7 /* main.m */,
			);
			name = "Supporting Files";
			sourceTree = "<group>";
		};
/* End PBXGroup section */

/* Begin PBXNativeTarget section */
		A2B3A5E81C337C04003C44B7 /* MyChartViewDemo */ = {
			isa = PBXNativeTarget;
			buildConfigurationList = A2B3A6001C337C04003C44B7 /* Build configuration list for PBXNativeTarget "MyChartViewDemo" */;
			buildPhases = (
				A2B3A5E51C337C04003C44B7 /* Sources */,
				A2B3A5E61C337C04003C44B7 /* Frameworks */,
				A2B3A5E71C337C04003C44B7 /* Resources */,
			);
			buildRules = (
			);
			dependencies = (
			);
			name = MyChartViewDemo;
			productName = MyChartViewDemo;
			productReference = A2B3A5E91C337C04003C44B7 /* MyChartViewDemo.app */;
			productType = "com.apple.product-type.application";
		};
/* End PBXNativeTarget section */

/* Begin PBXProject section */
		A2B3A5E11C337C04003C44B7 /* Project object */ = {
			isa = PBXProject;
			attributes = {
				LastUpgradeCheck = 0720;
				ORGANIZATIONNAME = "段龙飞";
				TargetAttributes = {
					A2B3A5E81C337C04003C44B7 = {
						CreatedOnToolsVersion = 7.2;
					};
				};
			};
			buildConfigurationList = A2B3A5E41C337C04003C44B7 /* Build configuration list for PBXProject "MyChartViewDemo" */;
			compatibilityVersion = "Xcode 3.2";
			developmentRegion = English;
			hasScannedForEncodings = 0;
			knownRegions = (
				en,
				Base,
			);
			mainGroup = A2B3A5E01C337C04003C44B7;
			productRefGroup = A2B3A5EA1C337C04003C44B7 /* Products */;
			projectDirPath = "";
			projectRoot = "";
			targets = (
				A2B3A5E81C337C04003C44B7 /* MyChartViewDemo */,
			);
		};
/* End PBXProject section */

/* Begin PBXResourcesBuildPhase section */
		A2B3A5E71C337C04003C44B7 /* Resources */ = {
			isa = PBXResourcesBuildPhase;
			buildActionMask = 2147483647;
			files = (
				A2B3A5FC1C337C04003C44B7 /* LaunchScreen.storyboard in Resources */,
				A2B3A5F91C337C04003C44B7 /* Assets.xcassets in Resources */,
				A2B3A5F71C337C04003C44B7 /* Main.storyboard in Resources */,
			);
			runOnlyForDeploymentPostprocessing = 0;
		};
/* End PBXResourcesBuildPhase section */

/* Begin PBXSourcesBuildPhase section */
		A2B3A5E51C337C04003C44B7 /* Sources */ = {
			isa = PBXSourcesBuildPhase;
			buildActionMask = 2147483647;
			files = (
				A2B3A6111C3A73A9003C44B7 /* YXPBarView.m in Sources */,
				A2B3A5F41C337C04003C44B7 /* ViewController.m in Sources */,
				A2B3A60B1C33EF35003C44B7 /* YXPChartPoint.m in Sources */,
				A2B3A5F11C337C04003C44B7 /* AppDelegate.m in Sources */,
				A2B3A5EE1C337C04003C44B7 /* main.m in Sources */,
				A2B3A60E1C3A620B003C44B7 /* YXPChartBarView.m in Sources */,
				A2B3A6051C337C32003C44B7 /* YXPChartLineView.m in Sources */,
				A2B3A6081C33E40A003C44B7 /* YXPPlot.m in Sources */,
			);
			runOnlyForDeploymentPostprocessing = 0;
		};
/* End PBXSourcesBuildPhase section */

/* Begin PBXVariantGroup section */
		A2B3A5F51C337C04003C44B7 /* Main.storyboard */ = {
			isa = PBXVariantGroup;
			children = (
				A2B3A5F61C337C04003C44B7 /* Base */,
			);
			name = Main.storyboard;
			sourceTree = "<group>";
		};
		A2B3A5FA1C337C04003C44B7 /* LaunchScreen.storyboard */ = {
			isa = PBXVariantGroup;
			children = (
				A2B3A5FB1C337C04003C44B7 /* Base */,
			);
			name = LaunchScreen.storyboard;
			sourceTree = "<group>";
		};
/* End PBXVariantGroup section */

/* Begin XCBuildConfiguration section */
		A2B3A5FE1C337C04003C44B7 /* Debug */ = {
			isa = XCBuildConfiguration;
			buildSettings = {
				ALWAYS_SEARCH_USER_PATHS = NO;
				CLANG_CXX_LANGUAGE_STANDARD = "gnu++0x";
				CLANG_CXX_LIBRARY = "libc++";
				CLANG_ENABLE_MODULES = YES;
				CLANG_ENABLE_OBJC_ARC = YES;
				CLANG_WARN_BOOL_CONVERSION = YES;
				CLANG_WARN_CONSTANT_CONVERSION = YES;
				CLANG_WARN_DIRECT_OBJC_ISA_USAGE = YES_ERROR;
				CLANG_WARN_EMPTY_BODY = YES;
				CLANG_WARN_ENUM_CONVERSION = YES;
				CLANG_WARN_INT_CONVERSION = YES;
				CLANG_WARN_OBJC_ROOT_CLASS = YES_ERROR;
				CLANG_WARN_UNREACHABLE_CODE = YES;
				CLANG_WARN__DUPLICATE_METHOD_MATCH = YES;
				"CODE_SIGN_IDENTITY[sdk=iphoneos*]" = "iPhone Developer";
				COPY_PHASE_STRIP = NO;
				DEBUG_INFORMATION_FORMAT = dwarf;
				ENABLE_STRICT_OBJC_MSGSEND = YES;
				ENABLE_TESTABILITY = YES;
				GCC_C_LANGUAGE_STANDARD = gnu99;
				GCC_DYNAMIC_NO_PIC = NO;
				GCC_NO_COMMON_BLOCKS = YES;
				GCC_OPTIMIZATION_LEVEL = 0;
				GCC_PREPROCESSOR_DEFINITIONS = (
					"DEBUG=1",
					"$(inherited)",
				);
				GCC_WARN_64_TO_32_BIT_CONVERSION = YES;
				GCC_WARN_ABOUT_RETURN_TYPE = YES_ERROR;
				GCC_WARN_UNDECLARED_SELECTOR = YES;
				GCC_WARN_UNINITIALIZED_AUTOS = YES_AGGRESSIVE;
				GCC_WARN_UNUSED_FUNCTION = YES;
				GCC_WARN_UNUSED_VARIABLE = YES;
				IPHONEOS_DEPLOYMENT_TARGET = 9.2;
				MTL_ENABLE_DEBUG_INFO = YES;
				ONLY_ACTIVE_ARCH = YES;
				SDKROOT = iphoneos;
			};
			name = Debug;
		};
		A2B3A5FF1C337C04003C44B7 /* Release */ = {
			isa = XCBuildConfiguration;
			buildSettings = {
				ALWAYS_SEARCH_USER_PATHS = NO;
				CLANG_CXX_LANGUAGE_STANDARD = "gnu++0x";
				CLANG_CXX_LIBRARY = "libc++";
				CLANG_ENABLE_MODULES = YES;
				CLANG_ENABLE_OBJC_ARC = YES;
				CLANG_WARN_BOOL_CONVERSION = YES;
				CLANG_WARN_CONSTANT_CONVERSION = YES;
				CLANG_WARN_DIRECT_OBJC_ISA_USAGE = YES_ERROR;
				CLANG_WARN_EMPTY_BODY = YES;
				CLANG_WARN_ENUM_CONVERSION = YES;
				CLANG_WARN_INT_CONVERSION = YES;
				CLANG_WARN_OBJC_ROOT_CLASS = YES_ERROR;
				CLANG_WARN_UNREACHABLE_CODE = YES;
				CLANG_WARN__DUPLICATE_METHOD_MATCH = YES;
				"CODE_SIGN_IDENTITY[sdk=iphoneos*]" = "iPhone Developer";
				COPY_PHASE_STRIP = NO;
				DEBUG_INFORMATION_FORMAT = "dwarf-with-dsym";
				ENABLE_NS_ASSERTIONS = NO;
				ENABLE_STRICT_OBJC_MSGSEND = YES;
				GCC_C_LANGUAGE_STANDARD = gnu99;
				GCC_NO_COMMON_BLOCKS = YES;
				GCC_WARN_64_TO_32_BIT_CONVERSION = YES;
				GCC_WARN_ABOUT_RETURN_TYPE = YES_ERROR;
				GCC_WARN_UNDECLARED_SELECTOR = YES;
				GCC_WARN_UNINITIALIZED_AUTOS = YES_AGGRESSIVE;
				GCC_WARN_UNUSED_FUNCTION = YES;
				GCC_WARN_UNUSED_VARIABLE = YES;
				IPHONEOS_DEPLOYMENT_TARGET = 9.2;
				MTL_ENABLE_DEBUG_INFO = NO;
				SDKROOT = iphoneos;
				VALIDATE_PRODUCT = YES;
			};
			name = Release;
		};
		A2B3A6011C337C04003C44B7 /* Debug */ = {
			isa = XCBuildConfiguration;
			buildSettings = {
				ASSETCATALOG_COMPILER_APPICON_NAME = AppIcon;
				INFOPLIST_FILE = MyChartViewDemo/Info.plist;
				LD_RUNPATH_SEARCH_PATHS = "$(inherited) @executable_path/Frameworks";
				PRODUCT_BUNDLE_IDENTIFIER = youxinpai.MyChartViewDemo;
				PRODUCT_NAME = "$(TARGET_NAME)";
			};
			name = Debug;
		};
		A2B3A6021C337C04003C44B7 /* Release */ = {
			isa = XCBuildConfiguration;
			buildSettings = {
				ASSETCATALOG_COMPILER_APPICON_NAME = AppIcon;
				INFOPLIST_FILE = MyChartViewDemo/Info.plist;
				LD_RUNPATH_SEARCH_PATHS = "$(inherited) @executable_path/Frameworks";
				PRODUCT_BUNDLE_IDENTIFIER = youxinpai.MyChartViewDemo;
				PRODUCT_NAME = "$(TARGET_NAME)";
			};
			name = Release;
		};
/* End XCBuildConfiguration section */

/* Begin XCConfigurationList section */
		A2B3A5E41C337C04003C44B7 /* Build configuration list for PBXProject "MyChartViewDemo" */ = {
			isa = XCConfigurationList;
			buildConfigurations = (
				A2B3A5FE1C337C04003C44B7 /* Debug */,
				A2B3A5FF1C337C04003C44B7 /* Release */,
			);
			defaultConfigurationIsVisible = 0;
			defaultConfigurationName = Release;
		};
		A2B3A6001C337C04003C44B7 /* Build configuration list for PBXNativeTarget "MyChartViewDemo" */ = {
			isa = XCConfigurationList;
			buildConfigurations = (
				A2B3A6011C337C04003C44B7 /* Debug */,
				A2B3A6021C337C04003C44B7 /* Release */,
			);
			defaultConfigurationIsVisible = 0;
			defaultConfigurationName = Release;
		};
/* End XCConfigurationList section */
	};
	rootObject = A2B3A5E11C337C04003C44B7 /* Project object */;
}
